
Microsoft Visual Studio Solution File, Format Version 12.00
# Visual Studio Version 17
VisualStudioVersion = 17.4.33122.133
MinimumVisualStudioVersion = 10.0.40219.1
Project("{8BC9CEB8-8B4A-11D0-8D11-00A0C91BC942}") = "Inheritance_040", "Inheritance_040\Inheritance_040.vcxproj", "{77BA364D-5695-4FFD-8E9C-7B3B82CADD59}"
EndProject
Project("{8BC9CEB8-8B4A-11D0-8D11-00A0C91BC942}") = "Asosiasi_040", "Asosiasi_040\Asosiasi_040\Asosiasi_040.vcxproj", "{98C303F9-51C9-4431-BFE1-E62113EBC8B0}"
EndProject
Project("{8BC9CEB8-8B4A-11D0-8D11-00A0C91BC942}") = "mainIA", "MainIA_040\ibu.h\mainIA\mainIA.vcxproj", "{54054F7E-48E2-408D-B702-D5DFEF15001E}"
EndProject
Project("{8BC9CEB8-8B4A-11D0-8D11-00A0C91BC942}") = "MainJM", "MainJM_040\MainJM\MainJM.vcxproj", "{88AE63AC-C5F4-4582-AE15-07E0B74F034B}"
EndProject
Global
	GlobalSection(SolutionConfigurationPlatforms) = preSolution
		Debug|x64 = Debug|x64
		Debug|x86 = Debug|x86
		Release|x64 = Release|x64
		Release|x86 = Release|x86
	EndGlobalSection
	GlobalSection(ProjectConfigurationPlatforms) = postSolution
		{77BA364D-5695-4FFD-8E9C-7B3B82CADD59}.Debug|x64.ActiveCfg = Debug|x64
		{77BA364D-5695-4FFD-8E9C-7B3B82CADD59}.Debug|x64.Build.0 = Debug|x64
		{77BA364D-5695-4FFD-8E9C-7B3B82CADD59}.Debug|x86.ActiveCfg = Debug|Win32
		{77BA364D-5695-4FFD-8E9C-7B3B82CADD59}.Debug|x86.Build.0 = Debug|Win32
		{77BA364D-5695-4FFD-8E9C-7B3B82CADD59}.Release|x64.ActiveCfg = Release|x64
		{77BA364D-5695-4FFD-8E9C-7B3B82CADD59}.Release|x64.Build.0 = Release|x64
		{77BA364D-5695-4FFD-8E9C-7B3B82CADD59}.Release|x86.ActiveCfg = Release|Win32
		{77BA364D-5695-4FFD-8E9C-7B3B82CADD59}.Release|x86.Build.0 = Release|Win32
		{98C303F9-51C9-4431-BFE1-E62113EBC8B0}.Debug|x64.ActiveCfg = Debug|x64
		{98C303F9-51C9-4431-BFE1-E62113EBC8B0}.Debug|x64.Build.0 = Debug|x64
		{98C303F9-51C9-4431-BFE1-E62113EBC8B0}.Debug|x86.ActiveCfg = Debug|Win32
		{98C303F9-51C9-4431-BFE1-E62113EBC8B0}.Debug|x86.Build.0 = Debug|Win32
		{98C303F9-51C9-4431-BFE1-E62113EBC8B0}.Release|x64.ActiveCfg = Release|x64
		{98C303F9-51C9-4431-BFE1-E62113EBC8B0}.Release|x64.Build.0 = Release|x64
		{98C303F9-51C9-4431-BFE1-E62113EBC8B0}.Release|x86.ActiveCfg = Release|Win32
		{98C303F9-51C9-4431-BFE1-E62113EBC8B0}.Release|x86.Build.0 = Release|Win32
		{54054F7E-48E2-408D-B702-D5DFEF15001E}.Debug|x64.ActiveCfg = Debug|x64
		{54054F7E-48E2-408D-B702-D5DFEF15001E}.Debug|x64.Build.0 = Debug|x64
		{54054F7E-48E2-408D-B702-D5DFEF15001E}.Debug|x86.ActiveCfg = Debug|Win32
		{54054F7E-48E2-408D-B702-D5DFEF15001E}.Debug|x86.Build.0 = Debug|Win32
		{54054F7E-48E2-408D-B702-D5DFEF15001E}.Release|x64.ActiveCfg = Release|x64
		{54054F7E-48E2-408D-B702-D5DFEF15001E}.Release|x64.Build.0 = Release|x64
		{54054F7E-48E2-408D-B702-D5DFEF15001E}.Release|x86.ActiveCfg = Release|Win32
		{54054F7E-48E2-408D-B702-D5DFEF15001E}.Release|x86.Build.0 = Release|Win32
		{88AE63AC-C5F4-4582-AE15-07E0B74F034B}.Debug|x64.ActiveCfg = Debug|x64
		{88AE63AC-C5F4-4582-AE15-07E0B74F034B}.Debug|x64.Build.0 = Debug|x64
		{88AE63AC-C5F4-4582-AE15-07E0B74F034B}.Debug|x86.ActiveCfg = Debug|Win32
		{88AE63AC-C5F4-4582-AE15-07E0B74F034B}.Debug|x86.Build.0 = Debug|Win32
		{88AE63AC-C5F4-4582-AE15-07E0B74F034B}.Release|x64.ActiveCfg = Release|x64
		{88AE63AC-C5F4-4582-AE15-07E0B74F034B}.Release|x64.Build.0 = Release|x64
		{88AE63AC-C5F4-4582-AE15-07E0B74F034B}.Release|x86.ActiveCfg = Release|Win32
		{88AE63AC-C5F4-4582-AE15-07E0B74F034B}.Release|x86.Build.0 = Release|Win32
	EndGlobalSection
	GlobalSection(SolutionProperties) = preSolution
		HideSolutionNode = FALSE
	EndGlobalSection
	GlobalSection(ExtensibilityGlobals) = postSolution
		SolutionGuid = {60AD01AA-ADBC-4E78-A799-F2DD08EBCC86}
	EndGlobalSection
EndGlobal
